// !$*UTF8*$!
{
	archiveVersion = 1;
	classes = {
	};
	objectVersion = 56;
	objects = {

/* Begin PBXBuildFile section */
		A10000010000000000000001 /* MacPilotDemoApp.swift in Sources */ = {isa = PBXBuildFile; fileRef = A20000010000000000000001 /* MacPilotDemoApp.swift */; };
		A10000010000000000000002 /* ContentView.swift in Sources */ = {isa = PBXBuildFile; fileRef = A20000010000000000000002 /* ContentView.swift */; };
		A10000010000000000000003 /* Models.swift in Sources */ = {isa = PBXBuildFile; fileRef = A20000010000000000000003 /* Models.swift */; };
		A10000010000000000000004 /* DemoStore.swift in Sources */ = {isa = PBXBuildFile; fileRef = A20000010000000000000004 /* DemoStore.swift */; };
		A10000010000000000000005 /* MacPilotClient.swift in Sources */ = {isa = PBXBuildFile; fileRef = A20000010000000000000006 /* MacPilotClient.swift */; };
/* End PBXBuildFile section */

/* Begin PBXFileReference section */
		A20000010000000000000005 /* MacPilotDemo.app */ = {isa = PBXFileReference; explicitFileType = wrapper.application; includeInIndex = 0; path = MacPilotDemo.app; sourceTree = BUILT_PRODUCTS_DIR; };
		A20000010000000000000001 /* MacPilotDemoApp.swift */ = {isa = PBXFileReference; lastKnownFileType = sourcecode.swift; path = MacPilotDemoApp.swift; sourceTree = "<group>"; };
		A20000010000000000000002 /* ContentView.swift */ = {isa = PBXFileReference; lastKnownFileType = sourcecode.swift; path = ContentView.swift; sourceTree = "<group>"; };
		A20000010000000000000003 /* Models.swift */ = {isa = PBXFileReference; lastKnownFileType = sourcecode.swift; path = Models.swift; sourceTree = "<group>"; };
		A20000010000000000000004 /* DemoStore.swift */ = {isa = PBXFileReference; lastKnownFileType = sourcecode.swift; path = DemoStore.swift; sourceTree = "<group>"; };
		A20000010000000000000006 /* MacPilotClient.swift */ = {isa = PBXFileReference; lastKnownFileType = sourcecode.swift; path = MacPilotClient.swift; sourceTree = "<group>"; };
/* End PBXFileReference section */

/* Begin PBXFrameworksBuildPhase section */
		A30000010000000000000001 /* Frameworks */ = {
			isa = PBXFrameworksBuildPhase;
			buildActionMask = 2147483647;
			files = (
			);
			runOnlyForDeploymentPostprocessing = 0;
		};
/* End PBXFrameworksBuildPhase section */

/* Begin PBXGroup section */
		A40000010000000000000001 = {
			isa = PBXGroup;
			children = (
				A40000010000000000000002 /* Sources */,
				A40000010000000000000003 /* Products */,
			);
			sourceTree = "<group>";
		};
		A40000010000000000000002 /* Sources */ = {
			isa = PBXGroup;
			children = (
				A20000010000000000000001 /* MacPilotDemoApp.swift */,
				A20000010000000000000002 /* ContentView.swift */,
				A20000010000000000000003 /* Models.swift */,
				A20000010000000000000004 /* DemoStore.swift */,
				A20000010000000000000006 /* MacPilotClient.swift */,
			);
			path = Sources;
			sourceTree = "<group>";
		};
		A40000010000000000000003 /* Products */ = {
			isa = PBXGroup;
			children = (
				A20000010000000000000005 /* MacPilotDemo.app */,
			);
			name = Products;
			path = "";
			sourceTree = BUILT_PRODUCTS_DIR;
		};
/* End PBXGroup section */

/* Begin PBXNativeTarget section */
		A50000010000000000000001 /* MacPilotDemo */ = {
			isa = PBXNativeTarget;
			buildConfigurationList = A60000010000000000000002 /* Build configuration list for PBXNativeTarget "MacPilotDemo" */;
			buildPhases = (
				A30000010000000000000002 /* Sources */,
				A30000010000000000000001 /* Frameworks */,
				A30000010000000000000003 /* Resources */,
			);
			buildRules = (
			);
			dependencies = (
			);
			name = MacPilotDemo;
			productName = MacPilotDemo;
			productReference = A20000010000000000000005 /* MacPilotDemo.app */;
			productType = "com.apple.product-type.application";
		};
/* End PBXNativeTarget section */

/* Begin PBXProject section */
		A50000010000000000000002 /* Project object */ = {
			isa = PBXProject;
			attributes = {
				LastUpgradeCheck = 1500;
				TargetAttributes = {
					A50000010000000000000001 = {
						CreatedOnToolsVersion = 15.0;
					};
				};
			};
			buildConfigurationList = A60000010000000000000001 /* Build configuration list for PBXProject "MacPilotDemo" */;
			compatibilityVersion = "Xcode 14.0";
			developmentRegion = en;
			hasScannedForEncodings = 0;
			knownRegions = (
				en,
				Base,
			);
			mainGroup = A40000010000000000000001;
			productRefGroup = A40000010000000000000003 /* Products */;
			projectDirPath = "";
			projectRoot = "";
			targets = (
				A50000010000000000000001 /* MacPilotDemo */,
			);
		};
/* End PBXProject section */

/* Begin PBXResourcesBuildPhase section */
		A30000010000000000000003 /* Resources */ = {
			isa = PBXResourcesBuildPhase;
			buildActionMask = 2147483647;
			files = (
			);
			runOnlyForDeploymentPostprocessing = 0;
		};
/* End PBXResourcesBuildPhase section */

/* Begin PBXSourcesBuildPhase section */
		A30000010000000000000002 /* Sources */ = {
			isa = PBXSourcesBuildPhase;
			buildActionMask = 2147483647;
			files = (
				A10000010000000000000001 /* MacPilotDemoApp.swift in Sources */,
				A10000010000000000000002 /* ContentView.swift in Sources */,
				A10000010000000000000003 /* Models.swift in Sources */,
				A10000010000000000000004 /* DemoStore.swift in Sources */,
				A10000010000000000000005 /* MacPilotClient.swift in Sources */,
			);
			runOnlyForDeploymentPostprocessing = 0;
		};
/* End PBXSourcesBuildPhase section */

/* Begin XCBuildConfiguration section */
		A70000010000000000000001 /* Debug */ = {
			isa = XCBuildConfiguration;
			buildSettings = {
				ALWAYS_SEARCH_USER_PATHS = NO;
				CLANG_ENABLE_MODULES = YES;
				CODE_SIGN_STYLE = Automatic;
				CURRENT_PROJECT_VERSION = 1;
				DEBUG_INFORMATION_FORMAT = dwarf;
				DEVELOPMENT_LANGUAGE = en;
				GENERATE_INFOPLIST_FILE = YES;
				INFOPLIST_KEY_CFBundleDisplayName = "MacPilot Demo";
				MACOSX_DEPLOYMENT_TARGET = 13.0;
				MARKETING_VERSION = 0.10.0;
				PRODUCT_BUNDLE_IDENTIFIER = com.calma.macpilot.demo;
				PRODUCT_NAME = "$(TARGET_NAME)";
				SDKROOT = macosx;
				SWIFT_OPTIMIZATION_LEVEL = "-Onone";
				SWIFT_VERSION = 5.0;
			};
			name = Debug;
		};
		A70000010000000000000002 /* Release */ = {
			isa = XCBuildConfiguration;
			buildSettings = {
				ALWAYS_SEARCH_USER_PATHS = NO;
				CLANG_ENABLE_MODULES = YES;
				CODE_SIGN_STYLE = Automatic;
				CURRENT_PROJECT_VERSION = 1;
				DEBUG_INFORMATION_FORMAT = "dwarf-with-dsym";
				DEVELOPMENT_LANGUAGE = en;
				GENERATE_INFOPLIST_FILE = YES;
				INFOPLIST_KEY_CFBundleDisplayName = "MacPilot Demo";
				MACOSX_DEPLOYMENT_TARGET = 13.0;
				MARKETING_VERSION = 0.10.0;
				PRODUCT_BUNDLE_IDENTIFIER = com.calma.macpilot.demo;
				PRODUCT_NAME = "$(TARGET_NAME)";
				SDKROOT = macosx;
				SWIFT_COMPILATION_MODE = wholemodule;
				SWIFT_OPTIMIZATION_LEVEL = "-O";
				SWIFT_VERSION = 5.0;
			};
			name = Release;
		};
/* End XCBuildConfiguration section */

/* Begin XCConfigurationList section */
		A60000010000000000000001 /* Build configuration list for PBXProject "MacPilotDemo" */ = {
			isa = XCConfigurationList;
			buildConfigurations = (
				A70000010000000000000001 /* Debug */,
				A70000010000000000000002 /* Release */,
			);
			defaultConfigurationIsVisible = 0;
			defaultConfigurationName = Release;
		};
		A60000010000000000000002 /* Build configuration list for PBXNativeTarget "MacPilotDemo" */ = {
			isa = XCConfigurationList;
			buildConfigurations = (
				A70000010000000000000001 /* Debug */,
				A70000010000000000000002 /* Release */,
			);
			defaultConfigurationIsVisible = 0;
			defaultConfigurationName = Release;
		};
/* End XCConfigurationList section */
	};
	rootObject = A50000010000000000000002 /* Project object */;
}
